
Microsoft Visual Studio Solution File, Format Version 12.00
# Visual Studio Version 16
VisualStudioVersion = 16.0.32413.511
MinimumVisualStudioVersion = 10.0.40219.1
Project("{FAE04EC0-301F-11D3-BF4B-00C04F79EFBC}") = "AssetValidator", "AssetValidator\AssetValidator.csproj", "{8B1E9D90-8AF5-44F6-8D90-DC053D56D79C}"
EndProject
Global
	GlobalSection(SolutionConfigurationPlatforms) = preSolution
		Debug|Any CPU = Debug|Any CPU
		Release|Any CPU = Release|Any CPU
	EndGlobalSection
	GlobalSection(ProjectConfigurationPlatforms) = postSolution
		{8B1E9D90-8AF5-44F6-8D90-DC053D56D79C}.Debug|Any CPU.ActiveCfg = Debug|Any CPU
		{8B1E9D90-8AF5-44F6-8D90-DC053D56D79C}.Debug|Any CPU.Build.0 = Debug|Any CPU
		{8B1E9D90-8AF5-44F6-8D90-DC053D56D79C}.Release|Any CPU.ActiveCfg = Release|Any CPU
		{8B1E9D90-8AF5-44F6-8D90-DC053D56D79C}.Release|Any CPU.Build.0 = Release|Any CPU
	EndGlobalSection
	GlobalSection(SolutionProperties) = preSolution
		HideSolutionNode = FALSE
	EndGlobalSection
	GlobalSection(ExtensibilityGlobals) = postSolution
		SolutionGuid = {54816409-2FEF-4564-A828-FC834DF65914}
	EndGlobalSection
EndGlobal
